
Microsoft Visual Studio Solution File, Format Version 9.00
# Visual Studio 2005
Project("{E24C65DC-7377-472B-9ABA-BC803B73C61A}") = "E:\...\YingLouWeb\", ".", "{26F60FD9-8A13-4B8D-BB7E-FC9C0597A1C0}"
	ProjectSection(WebsiteProperties) = preProject
		Debug.AspNetCompiler.VirtualPath = "/YingLouWeb"
		Debug.AspNetCompiler.PhysicalPath = "..\YingLouWeb\"
		Debug.AspNetCompiler.TargetPath = "PrecompiledWeb\YingLouWeb\"
		Debug.AspNetCompiler.Updateable = "true"
		Debug.AspNetCompiler.ForceOverwrite = "true"
		Debug.AspNetCompiler.FixedNames = "false"
		Debug.AspNetCompiler.Debug = "True"
		Release.AspNetCompiler.VirtualPath = "/YingLouWeb"
		Release.AspNetCompiler.PhysicalPath = "..\YingLouWeb\"
		Release.AspNetCompiler.TargetPath = "PrecompiledWeb\YingLouWeb\"
		Release.AspNetCompiler.Updateable = "true"
		Release.AspNetCompiler.ForceOverwrite = "true"
		Release.AspNetCompiler.FixedNames = "false"
		Release.AspNetCompiler.Debug = "False"
		VWDPort = "63506"
		DefaultWebSiteLanguage = "Visual C#"
	EndProjectSection
EndProject
Global
	GlobalSection(SolutionConfigurationPlatforms) = preSolution
		Debug|.NET = Debug|.NET
	EndGlobalSection
	GlobalSection(ProjectConfigurationPlatforms) = postSolution
		{26F60FD9-8A13-4B8D-BB7E-FC9C0597A1C0}.Debug|.NET.ActiveCfg = Debug|.NET
		{26F60FD9-8A13-4B8D-BB7E-FC9C0597A1C0}.Debug|.NET.Build.0 = Debug|.NET
	EndGlobalSection
	GlobalSection(SolutionProperties) = preSolution
		HideSolutionNode = FALSE
	EndGlobalSection
EndGlobal
